
Microsoft Visual Studio Solution File, Format Version 12.00
# Visual Studio Version 17
VisualStudioVersion = 17.9.34723.18
MinimumVisualStudioVersion = 10.0.40219.1
Project("{FAE04EC0-301F-11D3-BF4B-00C04F79EFBC}") = "HotelListing.WEB API", "HotelListing.WEB API.csproj", "{81CFE7B4-8F62-4A67-9FE2-472B1EE758FB}"
EndProject
Global
	GlobalSection(SolutionConfigurationPlatforms) = preSolution
		Debug|Any CPU = Debug|Any CPU
		Release|Any CPU = Release|Any CPU
	EndGlobalSection
	GlobalSection(ProjectConfigurationPlatforms) = postSolution
		{81CFE7B4-8F62-4A67-9FE2-472B1EE758FB}.Debug|Any CPU.ActiveCfg = Debug|Any CPU
		{81CFE7B4-8F62-4A67-9FE2-472B1EE758FB}.Debug|Any CPU.Build.0 = Debug|Any CPU
		{81CFE7B4-8F62-4A67-9FE2-472B1EE758FB}.Release|Any CPU.ActiveCfg = Release|Any CPU
		{81CFE7B4-8F62-4A67-9FE2-472B1EE758FB}.Release|Any CPU.Build.0 = Release|Any CPU
	EndGlobalSection
	GlobalSection(SolutionProperties) = preSolution
		HideSolutionNode = FALSE
	EndGlobalSection
	GlobalSection(ExtensibilityGlobals) = postSolution
		SolutionGuid = {A52ACFE8-D033-4387-9E67-0895DCE1A20C}
	EndGlobalSection
EndGlobal
